
Microsoft Visual Studio Solution File, Format Version 12.00
# Visual Studio Version 17
VisualStudioVersion = 17.7.34024.191
MinimumVisualStudioVersion = 10.0.40219.1
Project("{9A19103F-16F7-4668-BE54-9A1E7A4F7556}") = "RequestsQueue", "ColaSolicitudes\RequestsQueue.csproj", "{2F3A5150-7DDE-4C91-B28E-04FC2E0B035E}"
EndProject
Global
	GlobalSection(SolutionConfigurationPlatforms) = preSolution
		Debug|Any CPU = Debug|Any CPU
		Release|Any CPU = Release|Any CPU
	EndGlobalSection
	GlobalSection(ProjectConfigurationPlatforms) = postSolution
		{2F3A5150-7DDE-4C91-B28E-04FC2E0B035E}.Debug|Any CPU.ActiveCfg = Debug|Any CPU
		{2F3A5150-7DDE-4C91-B28E-04FC2E0B035E}.Debug|Any CPU.Build.0 = Debug|Any CPU
		{2F3A5150-7DDE-4C91-B28E-04FC2E0B035E}.Release|Any CPU.ActiveCfg = Release|Any CPU
		{2F3A5150-7DDE-4C91-B28E-04FC2E0B035E}.Release|Any CPU.Build.0 = Release|Any CPU
	EndGlobalSection
	GlobalSection(SolutionProperties) = preSolution
		HideSolutionNode = FALSE
	EndGlobalSection
	GlobalSection(ExtensibilityGlobals) = postSolution
		SolutionGuid = {49C3EBFC-A7EF-46E2-B177-CB62C0D93647}
	EndGlobalSection
EndGlobal
